
Microsoft Visual Studio Solution File, Format Version 12.00
# Visual Studio 15
VisualStudioVersion = 15.0.28307.902
MinimumVisualStudioVersion = 10.0.40219.1
Project("{8BC9CEB8-8B4A-11D0-8D11-00A0C91BC942}") = "Ch.11 NumDays", "Ch.11 NumDays\Ch.11 NumDays.vcxproj", "{B052C2C5-A926-4EA1-97A2-746575BF0B61}"
EndProject
Global
	GlobalSection(SolutionConfigurationPlatforms) = preSolution
		Debug|x64 = Debug|x64
		Debug|x86 = Debug|x86
		Release|x64 = Release|x64
		Release|x86 = Release|x86
	EndGlobalSection
	GlobalSection(ProjectConfigurationPlatforms) = postSolution
		{B052C2C5-A926-4EA1-97A2-746575BF0B61}.Debug|x64.ActiveCfg = Debug|x64
		{B052C2C5-A926-4EA1-97A2-746575BF0B61}.Debug|x64.Build.0 = Debug|x64
		{B052C2C5-A926-4EA1-97A2-746575BF0B61}.Debug|x86.ActiveCfg = Debug|Win32
		{B052C2C5-A926-4EA1-97A2-746575BF0B61}.Debug|x86.Build.0 = Debug|Win32
		{B052C2C5-A926-4EA1-97A2-746575BF0B61}.Release|x64.ActiveCfg = Release|x64
		{B052C2C5-A926-4EA1-97A2-746575BF0B61}.Release|x64.Build.0 = Release|x64
		{B052C2C5-A926-4EA1-97A2-746575BF0B61}.Release|x86.ActiveCfg = Release|Win32
		{B052C2C5-A926-4EA1-97A2-746575BF0B61}.Release|x86.Build.0 = Release|Win32
	EndGlobalSection
	GlobalSection(SolutionProperties) = preSolution
		HideSolutionNode = FALSE
	EndGlobalSection
	GlobalSection(ExtensibilityGlobals) = postSolution
		SolutionGuid = {215D25CF-ED6D-4776-91CE-AE4B031697E0}
	EndGlobalSection
EndGlobal
